{
  "name": "anti-slop",
  "version": "0.1.0",
  "lockfileVersion": 3,
  "requires": true,
  "packages": {
    "": {
      "name": "anti-slop",
      "version": "0.1.0",
      "dependencies": {
        "@oxlint/plugins": "1.78.0"
      }
    },
    "node_modules/@oxlint/plugins": {
      "version": "1.78.0",
      "resolved": "https://registry.npmjs.org/@oxlint/plugins/-/plugins-1.78.0.tgz",
      "integrity": "sha512-Ypt8KeRYw+4jUtlPirfcHWMrn5ms12VrrFPD+Mds477/7tJxG1Kcz2Yrg2nVcTQEUx/GdlhS+BUg1kmxNm04Ug==",
      "license": "MIT",
      "engines": {
        "node": "^12.22.0 || ^14.17.0 || >=16.0.0"
      },
      "funding": {
        "url": "https://github.com/sponsors/Boshen"
      }
    }
  }
}
