{
  "name": "anti-slop",
  "version": "0.1.0",
  "lockfileVersion": 3,
  "requires": true,
  "packages": {
    "": {
      "name": "anti-slop",
      "version": "0.1.0",
      "dependencies": {
        "@oxlint/plugins": "1.82.0"
      }
    },
    "node_modules/@oxlint/plugins": {
      "version": "1.82.0",
      "resolved": "https://registry.npmjs.org/@oxlint/plugins/-/plugins-1.82.0.tgz",
      "integrity": "sha512-IDF4UXBNOaCeLoEpVxf5Bg85KOWdeuBEkbo1rGzS2vXcbD+GT1asBSeeTC+5BgW6NFTHVByd6N5giHsFPGtwAA==",
      "license": "MIT",
      "engines": {
        "node": "^12.22.0 || ^14.17.0 || >=16.0.0"
      },
      "funding": {
        "url": "https://github.com/sponsors/oxc-project"
      }
    }
  }
}
