{
  "name": "anti-slop",
  "version": "0.1.0",
  "lockfileVersion": 3,
  "requires": true,
  "packages": {
    "": {
      "name": "anti-slop",
      "version": "0.1.0",
      "dependencies": {
        "@oxlint/plugins": "1.81.0"
      }
    },
    "node_modules/@oxlint/plugins": {
      "version": "1.81.0",
      "resolved": "https://registry.npmjs.org/@oxlint/plugins/-/plugins-1.81.0.tgz",
      "integrity": "sha512-HhD8kd3r6XpelZkhxhRty/po8V6yK1VV63Eq4kSsOS2IoHUywG3DV2EX+z/ZHw46aLI74Y6aA604NRiAqLKW9w==",
      "license": "MIT",
      "engines": {
        "node": "^12.22.0 || ^14.17.0 || >=16.0.0"
      },
      "funding": {
        "url": "https://github.com/sponsors/oxc-project"
      }
    }
  }
}
