{
  "nodes": {
    "emacs-overlay": {
      "locked": {
        "lastModified": 1605543848,
        "narHash": "sha256-FiCJDWCIjtdVc8wSgSoJkSxEj7LrYS2RGnK3m2MjHWo=",
        "owner": "nix-community",
        "repo": "emacs-overlay",
        "rev": "50275de6a20944f8efa9761f6d5d39dc273b6f7e",
        "type": "github"
      },
      "original": {
        "owner": "nix-community",
        "repo": "emacs-overlay",
        "type": "github"
      }
    },
    "guix": {
      "inputs": {
        "nixpkgs": "nixpkgs"
      },
      "locked": {
        "lastModified": 1589350842,
        "narHash": "sha256-94cSMVPii8Rkts2MZaJ0URtnzlTjCSPIm5L1+bp2ra4=",
        "owner": "bqv",
        "repo": "guix",
        "rev": "96bc72dca574425b43d182705e42e772c6982de0",
        "type": "github"
      },
      "original": {
        "owner": "bqv",
        "repo": "guix",
        "type": "github"
      }
    },
    "home-manager": {
      "inputs": {
        "nixpkgs": [
          "nixos-unstable"
        ]
      },
      "locked": {
        "lastModified": 1605563814,
        "narHash": "sha256-WlBR2hkuZiqRZQVIoANCVd/hy5ook3guwnz6es68mvA=",
        "owner": "rycee",
        "repo": "home-manager",
        "rev": "964f69809533820a9be915c094cd20ead4ee5101",
        "type": "github"
      },
      "original": {
        "owner": "rycee",
        "ref": "master",
        "repo": "home-manager",
        "type": "github"
      }
    },
    "nixos": {
      "locked": {
        "lastModified": 1605497880,
        "narHash": "sha256-CUS1i/dFKlJUayV8wG6L17cKnOAuIoFNAT4Z69WpkQc=",
        "owner": "NixOS",
        "repo": "nixpkgs",
        "rev": "f41c0fc7d8e49d94220f74495d4d702922df2a67",
        "type": "github"
      },
      "original": {
        "id": "nixpkgs",
        "ref": "nixos-20.09",
        "type": "indirect"
      }
    },
    "nixos-hardware": {
      "locked": {
        "lastModified": 1604571579,
        "narHash": "sha256-3kQmLlKOlH742cZqeFd18JaKcuOBItAY2Pf6V9Q4tx4=",
        "owner": "nixos",
        "repo": "nixos-hardware",
        "rev": "40ade7c0349d31e9f9722c7331de3c473f65dce0",
        "type": "github"
      },
      "original": {
        "owner": "nixos",
        "repo": "nixos-hardware",
        "type": "github"
      }
    },
    "nixos-unstable": {
      "locked": {
        "lastModified": 1605225031,
        "narHash": "sha256-W+7blIrccTCTyQCCE4aGn1cFrGIuTinN96GxZrJiojs=",
        "owner": "NixOS",
        "repo": "nixpkgs",
        "rev": "2deeb58f49480f468adca6b08291322de4dbce6b",
        "type": "github"
      },
      "original": {
        "id": "nixpkgs",
        "ref": "nixos-unstable",
        "type": "indirect"
      }
    },
    "nixpkgs": {
      "locked": {
        "lastModified": 1589349539,
        "narHash": "sha256-xMUcyl9vI6c8mJzl+M+6JIZmWQknXkSbu1jrgxtoHlo=",
        "owner": "NixOS",
        "repo": "nixpkgs",
        "rev": "6a16787d263c96a772bbc74d527e71415811fd3a",
        "type": "github"
      },
      "original": {
        "id": "nixpkgs",
        "type": "indirect"
      }
    },
    "root": {
      "inputs": {
        "emacs-overlay": "emacs-overlay",
        "guix": "guix",
        "home-manager": "home-manager",
        "nixos": "nixos",
        "nixos-hardware": "nixos-hardware",
        "nixos-unstable": "nixos-unstable"
      }
    }
  },
  "root": "root",
  "version": 7
}
