{
  "nodes": {
    "emacs-overlay": {
      "locked": {
        "lastModified": 1639915649,
        "narHash": "sha256-8ygMVY2AgS7R0/yGUyolmzdFgj6LGZ5fJyKzR1orRGI=",
        "owner": "nix-community",
        "repo": "emacs-overlay",
        "rev": "1d40515d8ca7bb3bac4b7405c4bd19b2a41f200c",
        "type": "github"
      },
      "original": {
        "owner": "nix-community",
        "repo": "emacs-overlay",
        "type": "github"
      }
    },
    "flake-compat": {
      "flake": false,
      "locked": {
        "lastModified": 1627913399,
        "narHash": "sha256-hY8g6H2KFL8ownSiFeMOjwPC8P0ueXpCVEbxgda3pko=",
        "owner": "edolstra",
        "repo": "flake-compat",
        "rev": "12c64ca55c1014cdc1b16ed5a804aa8576601ff2",
        "type": "github"
      },
      "original": {
        "owner": "edolstra",
        "repo": "flake-compat",
        "type": "github"
      }
    },
    "flake-utils": {
      "locked": {
        "lastModified": 1629481132,
        "narHash": "sha256-JHgasjPR0/J1J3DRm4KxM4zTyAj4IOJY8vIl75v/kPI=",
        "owner": "numtide",
        "repo": "flake-utils",
        "rev": "997f7efcb746a9c140ce1f13c72263189225f482",
        "type": "github"
      },
      "original": {
        "owner": "numtide",
        "repo": "flake-utils",
        "type": "github"
      }
    },
    "guix": {
      "inputs": {
        "nixpkgs": [
          "nixpkgs-unstable"
        ]
      },
      "locked": {
        "lastModified": 1607118945,
        "narHash": "sha256-arD1ByLInvMiIVzDpFzS8e3H1cIzfky8SmxkY3hgZow=",
        "owner": "emiller88",
        "repo": "guix",
        "rev": "4e904203ee570cf42a2b004237945f354de2f82e",
        "type": "github"
      },
      "original": {
        "owner": "emiller88",
        "repo": "guix",
        "type": "github"
      }
    },
    "home-manager": {
      "inputs": {
        "nixpkgs": [
          "nixpkgs"
        ]
      },
      "locked": {
        "lastModified": 1639891275,
        "narHash": "sha256-2IMLVTtOHV9kBsirGPRpo8NE48Mjq20iXN7l7uy0YjE=",
        "owner": "rycee",
        "repo": "home-manager",
        "rev": "3db603677509eb0b8c396a3234b1d4b70d023894",
        "type": "github"
      },
      "original": {
        "owner": "rycee",
        "ref": "master",
        "repo": "home-manager",
        "type": "github"
      }
    },
    "neovim-flake": {
      "inputs": {
        "flake-utils": "flake-utils",
        "nixpkgs": [
          "nixpkgs"
        ]
      },
      "locked": {
        "dir": "contrib",
        "lastModified": 1639886342,
        "narHash": "sha256-OkI09enAc4ID1zrxLkHR5b+WgUL2r2C9BIG4+gwVDFU=",
        "owner": "neovim",
        "repo": "neovim",
        "rev": "abdf3a8128b78fb98ee944bc5d3086c680d779ed",
        "type": "github"
      },
      "original": {
        "dir": "contrib",
        "owner": "neovim",
        "repo": "neovim",
        "type": "github"
      }
    },
    "neovim-nightly-overlay": {
      "inputs": {
        "flake-compat": "flake-compat",
        "neovim-flake": "neovim-flake",
        "nixpkgs": "nixpkgs"
      },
      "locked": {
        "lastModified": 1639901638,
        "narHash": "sha256-ZMP2xjjo3tHlWfgCd3Odn6qKNpNbvbawjcVpww54A1U=",
        "owner": "nix-community",
        "repo": "neovim-nightly-overlay",
        "rev": "8f7a0bbc9080f55c000344658a071994aa9c6b4b",
        "type": "github"
      },
      "original": {
        "owner": "nix-community",
        "repo": "neovim-nightly-overlay",
        "type": "github"
      }
    },
    "nixos-hardware": {
      "locked": {
        "lastModified": 1639240632,
        "narHash": "sha256-BAXhgnPOW1COIfZ9EOOFTdolalYS73MFHSRajgrSdZw=",
        "owner": "nixos",
        "repo": "nixos-hardware",
        "rev": "2a7063461c3751d83869a2a0a8ebc59e34bec5b2",
        "type": "github"
      },
      "original": {
        "owner": "nixos",
        "repo": "nixos-hardware",
        "type": "github"
      }
    },
    "nixpkgs": {
      "locked": {
        "lastModified": 1639699734,
        "narHash": "sha256-tlX6WebGmiHb2Hmniff+ltYp+7dRfdsBxw9YczLsP60=",
        "owner": "nixos",
        "repo": "nixpkgs",
        "rev": "03ec468b14067729a285c2c7cfa7b9434a04816c",
        "type": "github"
      },
      "original": {
        "owner": "nixos",
        "ref": "nixos-unstable",
        "repo": "nixpkgs",
        "type": "github"
      }
    },
    "nixpkgs-unstable": {
      "locked": {
        "lastModified": 1639925673,
        "narHash": "sha256-hR/d0JcT11z6Bi69ipowMtvRye7OymVfDw1/wwVBWnc=",
        "owner": "NixOS",
        "repo": "nixpkgs",
        "rev": "c62eb9c6aea5ae8210dd86ff24fa6b51f8872db7",
        "type": "github"
      },
      "original": {
        "id": "nixpkgs",
        "ref": "nixpkgs-unstable",
        "type": "indirect"
      }
    },
    "nixpkgs_2": {
      "locked": {
        "lastModified": 1639699734,
        "narHash": "sha256-tlX6WebGmiHb2Hmniff+ltYp+7dRfdsBxw9YczLsP60=",
        "owner": "NixOS",
        "repo": "nixpkgs",
        "rev": "03ec468b14067729a285c2c7cfa7b9434a04816c",
        "type": "github"
      },
      "original": {
        "id": "nixpkgs",
        "ref": "nixos-unstable",
        "type": "indirect"
      }
    },
    "root": {
      "inputs": {
        "emacs-overlay": "emacs-overlay",
        "guix": "guix",
        "home-manager": "home-manager",
        "neovim-nightly-overlay": "neovim-nightly-overlay",
        "nixos-hardware": "nixos-hardware",
        "nixpkgs": "nixpkgs_2",
        "nixpkgs-unstable": "nixpkgs-unstable"
      }
    }
  },
  "root": "root",
  "version": 7
}
