{
  "nodes": {
    "acpx-repo": {
      "flake": false,
      "locked": {
        "lastModified": 1787111829,
        "narHash": "sha256-00MJjk0uQKs8Cz7NXf7YDWS3yCj9qWweNot55VESifw=",
        "owner": "openclaw",
        "repo": "acpx",
        "rev": "2d735cf18220e539bf7961a996bff0aceefcf3b0",
        "type": "github"
      },
      "original": {
        "owner": "openclaw",
        "repo": "acpx",
        "type": "github"
      }
    },
    "agent-skills": {
      "inputs": {
        "blueprint": "blueprint",
        "home-manager": "home-manager",
        "nixpkgs": "nixpkgs"
      },
      "locked": {
        "lastModified": 1786379373,
        "narHash": "sha256-zrvcpGFA8zG6yRLBqQH9bNkJap8xMvLNvkuT4+7w6X8=",
        "owner": "Kyure-A",
        "repo": "agent-skills-nix",
        "rev": "1594ba479be81a7cb6dd19faabefcb1ed5b3f964",
        "type": "github"
      },
      "original": {
        "owner": "Kyure-A",
        "repo": "agent-skills-nix",
        "type": "github"
      }
    },
    "agent-tail-repo": {
      "flake": false,
      "locked": {
        "lastModified": 1773260334,
        "narHash": "sha256-SvN9NNeqyaY04rNbfpyOWtJWAvyOheKo8DzaS+1T06U=",
        "owner": "gillkyle",
        "repo": "agent-tail",
        "rev": "934946c9f93e8fdaf27f57f8431591224c519d6f",
        "type": "github"
      },
      "original": {
        "owner": "gillkyle",
        "repo": "agent-tail",
        "type": "github"
      }
    },
    "anti-slop-repo": {
      "flake": false,
      "locked": {
        "lastModified": 1787059265,
        "narHash": "sha256-1MewhQPqF55RkgWOhEgv4a9Wl9zRNDLImbhpDFSnz30=",
        "owner": "dmmulroy",
        "repo": "anti-slop",
        "rev": "6d538555cb151d4121ed51a27db81890eacf8ae9",
        "type": "github"
      },
      "original": {
        "owner": "dmmulroy",
        "repo": "anti-slop",
        "type": "github"
      }
    },
    "blueprint": {
      "inputs": {
        "nixpkgs": [
          "agent-skills",
          "nixpkgs"
        ],
        "systems": "systems"
      },
      "locked": {
        "lastModified": 1776249299,
        "narHash": "sha256-Dt9t1TGRmJFc0xVYhttNBD6QsAgHOHCArqGa0AyjrJY=",
        "owner": "numtide",
        "repo": "blueprint",
        "rev": "56131e8628f173d24a27f6d27c0215eff57e40dd",
        "type": "github"
      },
      "original": {
        "owner": "numtide",
        "repo": "blueprint",
        "type": "github"
      }
    },
    "browser-control-repo": {
      "flake": false,
      "locked": {
        "lastModified": 1787358066,
        "narHash": "sha256-4riQ/jnPWSZzAAjIP7SizQ5IUhr5dyReAK6LwP4Pjok=",
        "owner": "anomalyco",
        "repo": "browser-control",
        "rev": "f12441cb4de55967f2c5ce31ae05b5a3a2875dac",
        "type": "github"
      },
      "original": {
        "owner": "anomalyco",
        "repo": "browser-control",
        "type": "github"
      }
    },
    "diffity-repo": {
      "flake": false,
      "locked": {
        "lastModified": 1783338394,
        "narHash": "sha256-c4w17C3dsmKeyGRLCvGLpS4cGQRTOIvJo7jvM+zMkyA=",
        "owner": "kamranahmedse",
        "repo": "diffity",
        "rev": "9370438b0b50bb06881d95e3578a2df407d6e6bb",
        "type": "github"
      },
      "original": {
        "owner": "kamranahmedse",
        "repo": "diffity",
        "type": "github"
      }
    },
    "emilkowalski-skills": {
      "flake": false,
      "locked": {
        "lastModified": 1787304752,
        "narHash": "sha256-VNTgOF9nKz+kkwVvuchepbi0q++2/PfT/gQpplpQcMc=",
        "owner": "emilkowalski",
        "repo": "skills",
        "rev": "d23d7f88a2e21c9e4b1418c7abe420f5c1052ba7",
        "type": "github"
      },
      "original": {
        "owner": "emilkowalski",
        "repo": "skills",
        "type": "github"
      }
    },
    "gitbutler-repo": {
      "flake": false,
      "locked": {
        "lastModified": 1787435507,
        "narHash": "sha256-qvrAZmMqsZ5jxupNGRCMEgf/N4C64YwQmb6uEpwZaNA=",
        "owner": "gitbutlerapp",
        "repo": "gitbutler",
        "rev": "fe0158d6dce3b188091a74df29844914b0b835c4",
        "type": "github"
      },
      "original": {
        "owner": "gitbutlerapp",
        "repo": "gitbutler",
        "type": "github"
      }
    },
    "home-manager": {
      "inputs": {
        "nixpkgs": [
          "agent-skills",
          "nixpkgs"
        ]
      },
      "locked": {
        "lastModified": 1785531816,
        "narHash": "sha256-vkMnV0JIyw+g/NmcfoajlGaAO+9a0ezia+FZohQJrik=",
        "owner": "nix-community",
        "repo": "home-manager",
        "rev": "bf9ce9fec78f95f374e8dd3b503863a3ec128ebe",
        "type": "github"
      },
      "original": {
        "owner": "nix-community",
        "repo": "home-manager",
        "type": "github"
      }
    },
    "humanlayer-skills": {
      "flake": false,
      "locked": {
        "lastModified": 1786633530,
        "narHash": "sha256-lJvu9CGAN/+dzmzck0CodRXn/p7GUkCbfyZxys4nIoU=",
        "owner": "humanlayer",
        "repo": "skills",
        "rev": "3c2629142c5d437428269b1b722b08c0b87f574d",
        "type": "github"
      },
      "original": {
        "owner": "humanlayer",
        "repo": "skills",
        "type": "github"
      }
    },
    "kitlangton-skills": {
      "flake": false,
      "locked": {
        "lastModified": 1784431981,
        "narHash": "sha256-34OuHrDN2F0+r0biwmuhtONE+eV862+UJ2xBEx1WuTE=",
        "owner": "kitlangton",
        "repo": "skills",
        "rev": "0cace2ae0bd65e0cb03ab12860b62ae5e043f0df",
        "type": "github"
      },
      "original": {
        "owner": "kitlangton",
        "repo": "skills",
        "type": "github"
      }
    },
    "marimo-pair-repo": {
      "flake": false,
      "locked": {
        "lastModified": 1785353509,
        "narHash": "sha256-ipb/JgHNb/vB24epIu96e3qydye9r1ZY2Idx+AKRins=",
        "owner": "marimo-team",
        "repo": "marimo-pair",
        "rev": "6cecaff464479eaa2b9714572243da707c261d22",
        "type": "github"
      },
      "original": {
        "owner": "marimo-team",
        "repo": "marimo-pair",
        "type": "github"
      }
    },
    "marimo-skills-repo": {
      "flake": false,
      "locked": {
        "lastModified": 1787162150,
        "narHash": "sha256-GK4Qdc6tv4e0qjEfE7ISBPXZ4xfkMnDsUUy02KIOemg=",
        "owner": "marimo-team",
        "repo": "skills",
        "rev": "6454470960d3cd57151aaeffb1176dd55f598b18",
        "type": "github"
      },
      "original": {
        "owner": "marimo-team",
        "repo": "skills",
        "type": "github"
      }
    },
    "markit-repo": {
      "flake": false,
      "locked": {
        "lastModified": 1787007046,
        "narHash": "sha256-NhmsWubR2j02qH1SK+7e/56+kDpcE+vTzgnwy9BwrcM=",
        "owner": "Michaelliv",
        "repo": "markit",
        "rev": "4197c76a651607421c5dcd05c0f94555ad1d6a9c",
        "type": "github"
      },
      "original": {
        "owner": "Michaelliv",
        "repo": "markit",
        "type": "github"
      }
    },
    "mattpocock-skills": {
      "flake": false,
      "locked": {
        "lastModified": 1787309793,
        "narHash": "sha256-FPAAotNqA5aHrFDlj/XddoLs4TDKi+4J5H/mvevlOlk=",
        "owner": "mattpocock",
        "repo": "skills",
        "rev": "5b15a47f2d7150f545fbcacbfe381787fc0230dc",
        "type": "github"
      },
      "original": {
        "owner": "mattpocock",
        "repo": "skills",
        "rev": "5b15a47f2d7150f545fbcacbfe381787fc0230dc",
        "type": "github"
      }
    },
    "mitsuhiko-agent-stuff": {
      "flake": false,
      "locked": {
        "lastModified": 1786377215,
        "narHash": "sha256-PmIfimUsSw+UnnWwth+x1gF1MHtAInZBfpx2Whvfbhw=",
        "owner": "mitsuhiko",
        "repo": "agent-stuff",
        "rev": "13bc8f87970bec8830aab0f1c0487d35aa7c0917",
        "type": "github"
      },
      "original": {
        "owner": "mitsuhiko",
        "repo": "agent-stuff",
        "type": "github"
      }
    },
    "modem-skills": {
      "flake": false,
      "locked": {
        "lastModified": 1784555544,
        "narHash": "sha256-xLUM5Wg168xFn/55WFOrnXvoiVuyUVPDPk52ITEldmA=",
        "owner": "modem-dev",
        "repo": "skills",
        "rev": "edcdedb38a545f67c065f4084b3627517f0d79cf",
        "type": "github"
      },
      "original": {
        "owner": "modem-dev",
        "repo": "skills",
        "type": "github"
      }
    },
    "nixpkgs": {
      "locked": {
        "lastModified": 1785571196,
        "narHash": "sha256-KoTsyMQqnXQZq8deCEnu4QkyldkwH/bpMMhUcfMdGIw=",
        "owner": "NixOS",
        "repo": "nixpkgs",
        "rev": "148bab9c1c3c53136ecb44a6ea356a0ed5b39b06",
        "type": "github"
      },
      "original": {
        "owner": "NixOS",
        "ref": "nixos-unstable",
        "repo": "nixpkgs",
        "type": "github"
      }
    },
    "nixpkgs_2": {
      "locked": {
        "lastModified": 1787360063,
        "narHash": "sha256-95aJfHyQTLWslCXFVNB0odgmVkpdmDezQwTg9mhqV1E=",
        "rev": "2c423e03bbafcff28bfadc6781a4a8257f205cb5",
        "type": "tarball",
        "url": "https://releases.nixos.org/nixos/unstable/nixos-26.11pre1059570.2c423e03bbaf/nixexprs.tar.xz"
      },
      "original": {
        "id": "nixpkgs",
        "ref": "nixos-unstable",
        "type": "indirect"
      }
    },
    "no-ai-slop-repo": {
      "flake": false,
      "locked": {
        "lastModified": 1785990010,
        "narHash": "sha256-qpxftQLQAKDnyzPVtidgKACGyCaX2HEW4I/NQuZFOIE=",
        "ref": "refs/heads/main",
        "rev": "d30eddb9e04562234f2070b5ee63ca4649d9a05e",
        "revCount": 22,
        "type": "git",
        "url": "https://github.com/petergyang/no-ai-slop.git"
      },
      "original": {
        "type": "git",
        "url": "https://github.com/petergyang/no-ai-slop.git"
      }
    },
    "obsidian-skills": {
      "flake": false,
      "locked": {
        "lastModified": 1780935121,
        "narHash": "sha256-/Kr3cMaN81WXFxgWMNt/QQhEMzuu3e3WJpspqjrnPss=",
        "ref": "refs/heads/main",
        "rev": "a1dc48e68138490d522c04cbf5822214c6eb1202",
        "revCount": 46,
        "type": "git",
        "url": "https://github.com/kepano/obsidian-skills.git"
      },
      "original": {
        "type": "git",
        "url": "https://github.com/kepano/obsidian-skills.git"
      }
    },
    "openai-skills": {
      "flake": false,
      "locked": {
        "lastModified": 1782268572,
        "narHash": "sha256-t4oGnFg0YpxJaQiFpgTiwYhaFoZK6wPDiqvHoG0bXiU=",
        "owner": "openai",
        "repo": "skills",
        "rev": "49f948faa9258a0c61caceaf225e179651397431",
        "type": "github"
      },
      "original": {
        "owner": "openai",
        "repo": "skills",
        "type": "github"
      }
    },
    "perplexity-api-platform-developers": {
      "flake": false,
      "locked": {
        "lastModified": 1787001031,
        "narHash": "sha256-eR40mk/ZamPH04FRyJMw/wksHLbDWYggJvJo78I2+jk=",
        "owner": "perplexityai",
        "repo": "api-platform-developers",
        "rev": "1f1594c4250bb5cc97e69db78af3757cf2c8bc32",
        "type": "github"
      },
      "original": {
        "owner": "perplexityai",
        "repo": "api-platform-developers",
        "type": "github"
      }
    },
    "pi-extension-skills": {
      "flake": false,
      "locked": {
        "lastModified": 1786703964,
        "narHash": "sha256-afJVLqx+wWcMVnvI6JqJR/MKEAePQCmJp+X2QZzayYM=",
        "owner": "tmustier",
        "repo": "pi-extensions",
        "rev": "09706a7448d1715796d4d849e75ae2abe9be1f86",
        "type": "github"
      },
      "original": {
        "owner": "tmustier",
        "repo": "pi-extensions",
        "type": "github"
      }
    },
    "pi-messenger-repo": {
      "flake": false,
      "locked": {
        "lastModified": 1785452133,
        "narHash": "sha256-04BR0Y66VVXNOGFBFGm3xMV5ZVQNSUqsNvWNuiay8WA=",
        "owner": "nicobailon",
        "repo": "pi-messenger",
        "rev": "2f5e7dc9c77fd7a3fba4728931e8564ce48d9bab",
        "type": "github"
      },
      "original": {
        "owner": "nicobailon",
        "repo": "pi-messenger",
        "type": "github"
      }
    },
    "prek-repo": {
      "flake": false,
      "locked": {
        "lastModified": 1787317536,
        "narHash": "sha256-J8GNsA4A8nFJdPl2hjUfyCOolCi0K27/E7xvIQtU7p0=",
        "owner": "j178",
        "repo": "prek",
        "rev": "8c88c2dc114778bab43581028b1f7b472db87479",
        "type": "github"
      },
      "original": {
        "owner": "j178",
        "repo": "prek",
        "type": "github"
      }
    },
    "qmd-repo": {
      "flake": false,
      "locked": {
        "lastModified": 1787063191,
        "narHash": "sha256-5Tct1qAq5OLWwArpAiwAqLMSE675nVIkOOCZlOdQqg4=",
        "owner": "tobi",
        "repo": "qmd",
        "rev": "dbfd0b4736aeaf761d1a16ca8e424f071df8feb9",
        "type": "github"
      },
      "original": {
        "owner": "tobi",
        "repo": "qmd",
        "type": "github"
      }
    },
    "root": {
      "inputs": {
        "acpx-repo": "acpx-repo",
        "agent-skills": "agent-skills",
        "agent-tail-repo": "agent-tail-repo",
        "anti-slop-repo": "anti-slop-repo",
        "browser-control-repo": "browser-control-repo",
        "diffity-repo": "diffity-repo",
        "emilkowalski-skills": "emilkowalski-skills",
        "gitbutler-repo": "gitbutler-repo",
        "humanlayer-skills": "humanlayer-skills",
        "kitlangton-skills": "kitlangton-skills",
        "marimo-pair-repo": "marimo-pair-repo",
        "marimo-skills-repo": "marimo-skills-repo",
        "markit-repo": "markit-repo",
        "mattpocock-skills": "mattpocock-skills",
        "mitsuhiko-agent-stuff": "mitsuhiko-agent-stuff",
        "modem-skills": "modem-skills",
        "nixpkgs": "nixpkgs_2",
        "no-ai-slop-repo": "no-ai-slop-repo",
        "obsidian-skills": "obsidian-skills",
        "openai-skills": "openai-skills",
        "perplexity-api-platform-developers": "perplexity-api-platform-developers",
        "pi-extension-skills": "pi-extension-skills",
        "pi-messenger-repo": "pi-messenger-repo",
        "prek-repo": "prek-repo",
        "qmd-repo": "qmd-repo",
        "shadcn-improve": "shadcn-improve",
        "shaping-skills": "shaping-skills",
        "stack-repo": "stack-repo",
        "zele-repo": "zele-repo"
      }
    },
    "shadcn-improve": {
      "flake": false,
      "locked": {
        "lastModified": 1781504319,
        "narHash": "sha256-m0a1n8xguDI2nooJ856sWPofh+tZI5VvIrVZrQH6XgY=",
        "owner": "shadcn",
        "repo": "improve",
        "rev": "03369ee6d7cafbfcecc4346539b05b3dc0a603bb",
        "type": "github"
      },
      "original": {
        "owner": "shadcn",
        "repo": "improve",
        "type": "github"
      }
    },
    "shaping-skills": {
      "flake": false,
      "locked": {
        "lastModified": 1775815865,
        "narHash": "sha256-236IjrVg6BkG+vqxXYcbmIdPgRAYo9txn3A2+LwDtEM=",
        "owner": "rjs",
        "repo": "shaping-skills",
        "rev": "d8b65d7733c71e9bf436f0c2e4da60e5214a96d9",
        "type": "github"
      },
      "original": {
        "owner": "rjs",
        "repo": "shaping-skills",
        "type": "github"
      }
    },
    "stack-repo": {
      "flake": false,
      "locked": {
        "lastModified": 1778637127,
        "narHash": "sha256-GvuRRLnzJdPvvKF4nzcVjoqJAmMs0WemXBtXYSWJoes=",
        "owner": "kitlangton",
        "repo": "stack",
        "rev": "1bdf89a21a667523e589339d2f2209c2bba3501c",
        "type": "github"
      },
      "original": {
        "owner": "kitlangton",
        "ref": "v0.1.5",
        "repo": "stack",
        "type": "github"
      }
    },
    "systems": {
      "locked": {
        "lastModified": 1681028828,
        "narHash": "sha256-Vy1rq5AaRuLzOxct8nz4T6wlgyUR7zLU309k9mBC768=",
        "owner": "nix-systems",
        "repo": "default",
        "rev": "da67096a3b9bf56a91d16901293e51ba5b49a27e",
        "type": "github"
      },
      "original": {
        "owner": "nix-systems",
        "repo": "default",
        "type": "github"
      }
    },
    "zele-repo": {
      "flake": false,
      "locked": {
        "lastModified": 1784237554,
        "narHash": "sha256-/49ddd4oK8NcKqUJ9K16Z3y9dUVe/4NSMTtIBxqt4CQ=",
        "owner": "remorses",
        "repo": "zele",
        "rev": "f16eeb10a13db67d01de00a20ef0906a5d5a7464",
        "type": "github"
      },
      "original": {
        "owner": "remorses",
        "repo": "zele",
        "type": "github"
      }
    }
  },
  "root": "root",
  "version": 7
}
