{
  "nodes": {
    "agent-skills": {
      "inputs": {
        "home-manager": "home-manager",
        "nixpkgs": "nixpkgs"
      },
      "locked": {
        "lastModified": 1770375875,
        "narHash": "sha256-0hwqMVbMKfKBNoOfDfgVusZWqYylTtEBYbc5K2lp7Ns=",
        "owner": "Kyure-A",
        "repo": "agent-skills-nix",
        "rev": "0de0b1522651fbe86eb2d62369b5dc4c40c2170f",
        "type": "github"
      },
      "original": {
        "owner": "Kyure-A",
        "repo": "agent-skills-nix",
        "type": "github"
      }
    },
    "agent-tail-repo": {
      "flake": false,
      "locked": {
        "lastModified": 1770764999,
        "narHash": "sha256-pkBA4J2lss6DIowrFC0Ot0S0CiOOKMiCtvXbpK9JCuQ=",
        "owner": "gillkyle",
        "repo": "agent-tail",
        "rev": "da6eae09ed672478c2e7252ae5fed32fbcbcdaa6",
        "type": "github"
      },
      "original": {
        "owner": "gillkyle",
        "repo": "agent-tail",
        "type": "github"
      }
    },
    "diffity-repo": {
      "flake": false,
      "locked": {
        "lastModified": 1774310549,
        "narHash": "sha256-XAxQZCuDMOCMuU9aBl1yVhz5Vona8pbEwsFaAFZywq8=",
        "owner": "kamranahmedse",
        "repo": "diffity",
        "rev": "5ce966edd0deff0ea2031b3c82744ec3ca0a3599",
        "type": "github"
      },
      "original": {
        "owner": "kamranahmedse",
        "repo": "diffity",
        "type": "github"
      }
    },
    "dotfiles-repo": {
      "flake": false,
      "locked": {
        "lastModified": 1775742352,
        "narHash": "sha256-nz2yuSAIUZsLnYdWV+TY/0KVINBRLZ6HzN0jeKKCkwc=",
        "owner": "edmundmiller",
        "repo": "dotfiles",
        "rev": "b520e26fa5527265b48e5e19fd4370ff16aa3c41",
        "type": "github"
      },
      "original": {
        "owner": "edmundmiller",
        "repo": "dotfiles",
        "type": "github"
      }
    },
    "home-manager": {
      "inputs": {
        "nixpkgs": [
          "agent-skills",
          "nixpkgs"
        ]
      },
      "locked": {
        "lastModified": 1770318660,
        "narHash": "sha256-yFVde8QZK7Dc0Xa8eQDsmxLX4NJNfL1NKfctSyiQgMY=",
        "owner": "nix-community",
        "repo": "home-manager",
        "rev": "471e6a065f9efed51488d7c51a9abbd387df91b8",
        "type": "github"
      },
      "original": {
        "owner": "nix-community",
        "repo": "home-manager",
        "type": "github"
      }
    },
    "hunk-repo": {
      "flake": false,
      "locked": {
        "lastModified": 1774295381,
        "narHash": "sha256-4PjFrxhkAnj8zPH8ABP2FJVKHRxbRNLg4UHZbsTwdro=",
        "owner": "modem-dev",
        "repo": "hunk",
        "rev": "0d30d3933123a8a7df23394ca96edfe171078a57",
        "type": "github"
      },
      "original": {
        "owner": "modem-dev",
        "repo": "hunk",
        "type": "github"
      }
    },
    "markit-repo": {
      "flake": false,
      "locked": {
        "lastModified": 1774825410,
        "narHash": "sha256-+v0eX8WPEwfvdqROXF3JmAT/YYoXXqiCGvbC8f1E140=",
        "owner": "Michaelliv",
        "repo": "markit",
        "rev": "2b77d4223da7d8e20c9132c1b118273e98d7d6f1",
        "type": "github"
      },
      "original": {
        "owner": "Michaelliv",
        "repo": "markit",
        "type": "github"
      }
    },
    "mitsuhiko-agent-stuff": {
      "flake": false,
      "locked": {
        "lastModified": 1771625733,
        "narHash": "sha256-Zw8Q8FfvV+E93aJRL0iaC7iONiSprveRJxKqgmNBqqQ=",
        "owner": "mitsuhiko",
        "repo": "agent-stuff",
        "rev": "f47743e1f6cf7d1cc38394793c4ac276b1d09f56",
        "type": "github"
      },
      "original": {
        "owner": "mitsuhiko",
        "repo": "agent-stuff",
        "type": "github"
      }
    },
    "nixpkgs": {
      "locked": {
        "lastModified": 1770197578,
        "narHash": "sha256-AYqlWrX09+HvGs8zM6ebZ1pwUqjkfpnv8mewYwAo+iM=",
        "owner": "NixOS",
        "repo": "nixpkgs",
        "rev": "00c21e4c93d963c50d4c0c89bfa84ed6e0694df2",
        "type": "github"
      },
      "original": {
        "owner": "NixOS",
        "ref": "nixos-unstable",
        "repo": "nixpkgs",
        "type": "github"
      }
    },
    "nixpkgs_2": {
      "locked": {
        "lastModified": 1770562336,
        "narHash": "sha256-ub1gpAONMFsT/GU2hV6ZWJjur8rJ6kKxdm9IlCT0j84=",
        "owner": "NixOS",
        "repo": "nixpkgs",
        "rev": "d6c71932130818840fc8fe9509cf50be8c64634f",
        "type": "github"
      },
      "original": {
        "id": "nixpkgs",
        "ref": "nixos-unstable",
        "type": "indirect"
      }
    },
    "openai-skills": {
      "flake": false,
      "locked": {
        "lastModified": 1770673087,
        "narHash": "sha256-2xqGpcQyUsWxxjN8p31SSm/NzlvwP59RUmOugRfTfig=",
        "owner": "openai",
        "repo": "skills",
        "rev": "4ab6e0fd99c6667163bc34173e3ed3a3fed75ebc",
        "type": "github"
      },
      "original": {
        "owner": "openai",
        "repo": "skills",
        "type": "github"
      }
    },
    "pi-extension-skills": {
      "flake": false,
      "locked": {
        "lastModified": 1770298227,
        "narHash": "sha256-eUT6cWDJYYS3t6nKzEu6s4g73mKgJJLj5cNC32MohOc=",
        "owner": "tmustier",
        "repo": "pi-extensions",
        "rev": "7d269390fb8fd7e8ddfd17addb84c4cb821e54b8",
        "type": "github"
      },
      "original": {
        "owner": "tmustier",
        "repo": "pi-extensions",
        "type": "github"
      }
    },
    "pi-messenger-repo": {
      "flake": false,
      "locked": {
        "lastModified": 1770621254,
        "narHash": "sha256-wz2uaqFbqdv5BHK5M9ax2xC6S7HatjF9dNrS2fjsnEQ=",
        "owner": "nicobailon",
        "repo": "pi-messenger",
        "rev": "38b4652091d585cb186ca6435d1a7f273f3502c2",
        "type": "github"
      },
      "original": {
        "owner": "nicobailon",
        "repo": "pi-messenger",
        "type": "github"
      }
    },
    "qmd-repo": {
      "flake": false,
      "locked": {
        "lastModified": 1772104549,
        "narHash": "sha256-IR5lIQU+hFKyZdF5BvZHAQbkVV+Yrde6bQ/2nyJARRk=",
        "owner": "tobi",
        "repo": "qmd",
        "rev": "40610c3aa65d9d399ebb188a7e4930f6628ae51c",
        "type": "github"
      },
      "original": {
        "owner": "tobi",
        "repo": "qmd",
        "type": "github"
      }
    },
    "root": {
      "inputs": {
        "agent-skills": "agent-skills",
        "agent-tail-repo": "agent-tail-repo",
        "diffity-repo": "diffity-repo",
        "dotfiles-repo": "dotfiles-repo",
        "hunk-repo": "hunk-repo",
        "markit-repo": "markit-repo",
        "mitsuhiko-agent-stuff": "mitsuhiko-agent-stuff",
        "nixpkgs": "nixpkgs_2",
        "openai-skills": "openai-skills",
        "pi-extension-skills": "pi-extension-skills",
        "pi-messenger-repo": "pi-messenger-repo",
        "qmd-repo": "qmd-repo",
        "shaping-skills": "shaping-skills"
      }
    },
    "shaping-skills": {
      "flake": false,
      "locked": {
        "lastModified": 1772633795,
        "narHash": "sha256-2leRceuMeC5rUEb6ncAwWJnwUM5LuQ2QJZde8+7gj00=",
        "owner": "rjs",
        "repo": "shaping-skills",
        "rev": "7d8c311929de0dde6e47bd75c4f4b34634eded0c",
        "type": "github"
      },
      "original": {
        "owner": "rjs",
        "repo": "shaping-skills",
        "type": "github"
      }
    }
  },
  "root": "root",
  "version": 7
}
