{
  "nodes": {
    "acpx-repo": {
      "flake": false,
      "locked": {
        "lastModified": 1781163946,
        "narHash": "sha256-XvRsGJXuuOc1eOx1RD+vAqzgN91JC+GpDPR6g1sJ9JM=",
        "owner": "openclaw",
        "repo": "acpx",
        "rev": "2a0e941a659129d945b0fe4b2a8d96ee15787467",
        "type": "github"
      },
      "original": {
        "owner": "openclaw",
        "repo": "acpx",
        "type": "github"
      }
    },
    "agent-skills": {
      "inputs": {
        "home-manager": "home-manager",
        "nixpkgs": "nixpkgs"
      },
      "locked": {
        "lastModified": 1780896346,
        "narHash": "sha256-WC5hQ0GOmFPKrlbit3vjjJMlltwI5vpWXsHj/n5NvVk=",
        "owner": "Kyure-A",
        "repo": "agent-skills-nix",
        "rev": "61d701aa8fffd918d8d8c0ac4784bdbadf6ddd60",
        "type": "github"
      },
      "original": {
        "owner": "Kyure-A",
        "repo": "agent-skills-nix",
        "type": "github"
      }
    },
    "agent-tail-repo": {
      "flake": false,
      "locked": {
        "lastModified": 1773260334,
        "narHash": "sha256-SvN9NNeqyaY04rNbfpyOWtJWAvyOheKo8DzaS+1T06U=",
        "owner": "gillkyle",
        "repo": "agent-tail",
        "rev": "934946c9f93e8fdaf27f57f8431591224c519d6f",
        "type": "github"
      },
      "original": {
        "owner": "gillkyle",
        "repo": "agent-tail",
        "type": "github"
      }
    },
    "bholmesdev-skills": {
      "flake": false,
      "locked": {
        "lastModified": 1780698390,
        "narHash": "sha256-LP5zN2WeZb0hO03uHo1yApA3rC9p2uEmXDI1A+GG7l4=",
        "owner": "bholmesdev",
        "repo": "skills",
        "rev": "6f2e59d4fb45dc0393c9df1fded8e549fffc2490",
        "type": "github"
      },
      "original": {
        "owner": "bholmesdev",
        "repo": "skills",
        "type": "github"
      }
    },
    "diffity-repo": {
      "flake": false,
      "locked": {
        "lastModified": 1778501129,
        "narHash": "sha256-RgYCkIzLoKDI9UZh7EtERiWxbn5xYZirRcczlW44DNs=",
        "owner": "kamranahmedse",
        "repo": "diffity",
        "rev": "d970fa2858440a456976255437d07b1a598c001c",
        "type": "github"
      },
      "original": {
        "owner": "kamranahmedse",
        "repo": "diffity",
        "type": "github"
      }
    },
    "gitbutler-repo": {
      "flake": false,
      "locked": {
        "lastModified": 1781383396,
        "narHash": "sha256-zhQq+TWxmBGSvl7/DnPjqRtNBJjK5Pqm46Nj6kcWBl0=",
        "owner": "gitbutlerapp",
        "repo": "gitbutler",
        "rev": "6c713eacda4a0003b368c0ed7801e9e741dff6cc",
        "type": "github"
      },
      "original": {
        "owner": "gitbutlerapp",
        "repo": "gitbutler",
        "type": "github"
      }
    },
    "herdr-repo": {
      "flake": false,
      "locked": {
        "lastModified": 1781305164,
        "narHash": "sha256-v7bZA7b+Tz6YmdHdplsrEmrLTnj2wZZPeVp7olAoAAk=",
        "owner": "ogulcancelik",
        "repo": "herdr",
        "rev": "d35c642ef36ee5ac2afe7c1b18ad5a717bc807d8",
        "type": "github"
      },
      "original": {
        "owner": "ogulcancelik",
        "repo": "herdr",
        "type": "github"
      }
    },
    "home-manager": {
      "inputs": {
        "nixpkgs": [
          "agent-skills",
          "nixpkgs"
        ]
      },
      "locked": {
        "lastModified": 1780885330,
        "narHash": "sha256-aMA5oAq2Iv467U9s8YOb50DYQT9w0WJbyWqwlzHuLMs=",
        "owner": "nix-community",
        "repo": "home-manager",
        "rev": "4fe95527cbe952713318ada8a4d122e1a6ab120f",
        "type": "github"
      },
      "original": {
        "owner": "nix-community",
        "repo": "home-manager",
        "type": "github"
      }
    },
    "hunk-repo": {
      "flake": false,
      "locked": {
        "lastModified": 1781375001,
        "narHash": "sha256-B5EU97XPMxxjfkadXXc2zc+PiWHqywnVdWHgFZ92XZ8=",
        "owner": "modem-dev",
        "repo": "hunk",
        "rev": "3a2ba1c4c0580f0056bf67b031fb25f2186f35a3",
        "type": "github"
      },
      "original": {
        "owner": "modem-dev",
        "ref": "v0.15.3",
        "repo": "hunk",
        "type": "github"
      }
    },
    "marimo-pair-repo": {
      "flake": false,
      "locked": {
        "lastModified": 1780930927,
        "narHash": "sha256-IyT2M6Xc/lidwDlXinm0PBm1uCOQKUyDB1hDLNvgYnQ=",
        "owner": "marimo-team",
        "repo": "marimo-pair",
        "rev": "3c88978eb152d5b9bb63d3ab896358472dacb885",
        "type": "github"
      },
      "original": {
        "owner": "marimo-team",
        "repo": "marimo-pair",
        "type": "github"
      }
    },
    "marimo-skills-repo": {
      "flake": false,
      "locked": {
        "lastModified": 1776850989,
        "narHash": "sha256-BbaTxLN5AvJreZbvrgwFK9vG8GcH9DYFDr0T2Ab5u9c=",
        "owner": "marimo-team",
        "repo": "skills",
        "rev": "94ae56ea457e24131c1d2369834eb527f87f35f4",
        "type": "github"
      },
      "original": {
        "owner": "marimo-team",
        "repo": "skills",
        "type": "github"
      }
    },
    "markit-repo": {
      "flake": false,
      "locked": {
        "lastModified": 1775928083,
        "narHash": "sha256-7TDou6PJ04ZN0hmfOlXRUCLzIF5JNfUAGlyNVpcoUQg=",
        "owner": "Michaelliv",
        "repo": "markit",
        "rev": "9f4a9c6698daf3af6f318e41927b4dcc64930765",
        "type": "github"
      },
      "original": {
        "owner": "Michaelliv",
        "repo": "markit",
        "type": "github"
      }
    },
    "mattpocock-skills": {
      "flake": false,
      "locked": {
        "lastModified": 1781103704,
        "narHash": "sha256-NGRKdnHSBKoR48zGotmJ3zGXnQ58ogudv8T4Va/2DSY=",
        "owner": "mattpocock",
        "repo": "skills",
        "rev": "694fa30311e02c2639942308513555e61ee84a6f",
        "type": "github"
      },
      "original": {
        "owner": "mattpocock",
        "repo": "skills",
        "type": "github"
      }
    },
    "mitsuhiko-agent-stuff": {
      "flake": false,
      "locked": {
        "lastModified": 1781258232,
        "narHash": "sha256-U8lHv88G0lkjdKoOVkszc3jp7nB9fqvxYzhexCO4uE4=",
        "owner": "mitsuhiko",
        "repo": "agent-stuff",
        "rev": "a71bed215fb67005bdb23916110decff3dceeecb",
        "type": "github"
      },
      "original": {
        "owner": "mitsuhiko",
        "repo": "agent-stuff",
        "type": "github"
      }
    },
    "nixpkgs": {
      "locked": {
        "lastModified": 1780749050,
        "narHash": "sha256-3av0pIjlOWQ6rDbNOmpUSvbNnJkGORQKKjb4LtCZsIY=",
        "owner": "NixOS",
        "repo": "nixpkgs",
        "rev": "a799d3e3886da994fa307f817a6bc705ae538eeb",
        "type": "github"
      },
      "original": {
        "owner": "NixOS",
        "ref": "nixos-unstable",
        "repo": "nixpkgs",
        "type": "github"
      }
    },
    "nixpkgs_2": {
      "locked": {
        "lastModified": 1781074563,
        "narHash": "sha256-md8WlXOlfnIeHeOScMTTHFyf2d6iaTwPl2apR5EQ3P4=",
        "owner": "NixOS",
        "repo": "nixpkgs",
        "rev": "9ae611a455b90cf061d8f332b977e387bda8e1ca",
        "type": "github"
      },
      "original": {
        "id": "nixpkgs",
        "ref": "nixos-unstable",
        "type": "indirect"
      }
    },
    "openai-skills": {
      "flake": false,
      "locked": {
        "lastModified": 1780071638,
        "narHash": "sha256-drA/ypVE+yK4W2Bj8IUtWaVLF390Pfy7YLcmdju5dow=",
        "owner": "openai",
        "repo": "skills",
        "rev": "a8924c2a35cfa290458852c4fad17c9133054c2e",
        "type": "github"
      },
      "original": {
        "owner": "openai",
        "repo": "skills",
        "type": "github"
      }
    },
    "pi-extension-skills": {
      "flake": false,
      "locked": {
        "lastModified": 1781306535,
        "narHash": "sha256-7vTIDMHNc0Xs8+C5oAE8yZgLThRQ6dt79KwilxQCO4k=",
        "owner": "tmustier",
        "repo": "pi-extensions",
        "rev": "e7cd18e79857df1d31c094579ac9878057442aa9",
        "type": "github"
      },
      "original": {
        "owner": "tmustier",
        "repo": "pi-extensions",
        "type": "github"
      }
    },
    "pi-messenger-repo": {
      "flake": false,
      "locked": {
        "lastModified": 1777747452,
        "narHash": "sha256-+zbu0GEiTaN87Fkx7MZv6RaHT8VXldnjE2wR6T1ma0I=",
        "owner": "nicobailon",
        "repo": "pi-messenger",
        "rev": "f836c400103bb3c99ff350aa9c3d0e80e58f046b",
        "type": "github"
      },
      "original": {
        "owner": "nicobailon",
        "repo": "pi-messenger",
        "type": "github"
      }
    },
    "prek-repo": {
      "flake": false,
      "locked": {
        "lastModified": 1781356143,
        "narHash": "sha256-7LejL6StX0L9uK69Wt6JDku0eYc1s9YoKdT/GjcAFTQ=",
        "owner": "j178",
        "repo": "prek",
        "rev": "8adaed96b7d41edee4fc84814fc97d447bac37dd",
        "type": "github"
      },
      "original": {
        "owner": "j178",
        "repo": "prek",
        "type": "github"
      }
    },
    "qmd-repo": {
      "flake": false,
      "locked": {
        "lastModified": 1780937452,
        "narHash": "sha256-WKCQoqHqFid47Ir2bYaTa+rsRDWPlkM4Twd2b8q6gM8=",
        "owner": "tobi",
        "repo": "qmd",
        "rev": "636602409c862db077f38d9006df7f0bdca17ff3",
        "type": "github"
      },
      "original": {
        "owner": "tobi",
        "repo": "qmd",
        "type": "github"
      }
    },
    "root": {
      "inputs": {
        "acpx-repo": "acpx-repo",
        "agent-skills": "agent-skills",
        "agent-tail-repo": "agent-tail-repo",
        "bholmesdev-skills": "bholmesdev-skills",
        "diffity-repo": "diffity-repo",
        "gitbutler-repo": "gitbutler-repo",
        "herdr-repo": "herdr-repo",
        "hunk-repo": "hunk-repo",
        "marimo-pair-repo": "marimo-pair-repo",
        "marimo-skills-repo": "marimo-skills-repo",
        "markit-repo": "markit-repo",
        "mattpocock-skills": "mattpocock-skills",
        "mitsuhiko-agent-stuff": "mitsuhiko-agent-stuff",
        "nixpkgs": "nixpkgs_2",
        "openai-skills": "openai-skills",
        "pi-extension-skills": "pi-extension-skills",
        "pi-messenger-repo": "pi-messenger-repo",
        "prek-repo": "prek-repo",
        "qmd-repo": "qmd-repo",
        "shaping-skills": "shaping-skills",
        "stack-repo": "stack-repo"
      }
    },
    "shaping-skills": {
      "flake": false,
      "locked": {
        "lastModified": 1775815865,
        "narHash": "sha256-236IjrVg6BkG+vqxXYcbmIdPgRAYo9txn3A2+LwDtEM=",
        "owner": "rjs",
        "repo": "shaping-skills",
        "rev": "d8b65d7733c71e9bf436f0c2e4da60e5214a96d9",
        "type": "github"
      },
      "original": {
        "owner": "rjs",
        "repo": "shaping-skills",
        "type": "github"
      }
    },
    "stack-repo": {
      "flake": false,
      "locked": {
        "lastModified": 1778637127,
        "narHash": "sha256-GvuRRLnzJdPvvKF4nzcVjoqJAmMs0WemXBtXYSWJoes=",
        "owner": "kitlangton",
        "repo": "stack",
        "rev": "1bdf89a21a667523e589339d2f2209c2bba3501c",
        "type": "github"
      },
      "original": {
        "owner": "kitlangton",
        "ref": "v0.1.5",
        "repo": "stack",
        "type": "github"
      }
    }
  },
  "root": "root",
  "version": 7
}
