{
  "name": "pi-ast-grep",
  "version": "0.1.0",
  "lockfileVersion": 3,
  "requires": true,
  "packages": {
    "": {
      "name": "pi-ast-grep",
      "version": "0.1.0",
      "license": "MIT",
      "dependencies": {
        "@ast-grep/cli": "https://registry.npmjs.org/@ast-grep/cli/-/cli-0.44.0.tgz",
        "typebox": "1.2.18"
      },
      "devDependencies": {
        "@types/node": "^24.10.2"
      },
      "optionalDependencies": {
        "@ast-grep/cli-darwin-arm64": "https://registry.npmjs.org/@ast-grep/cli-darwin-arm64/-/cli-darwin-arm64-0.44.0.tgz"
      },
      "peerDependencies": {
        "@earendil-works/pi-coding-agent": "*",
        "typebox": "*"
      },
      "peerDependenciesMeta": {
        "@earendil-works/pi-coding-agent": {
          "optional": true
        },
        "typebox": {
          "optional": true
        }
      }
    },
    "node_modules/@ast-grep/cli": {
      "version": "0.44.0",
      "resolved": "https://registry.npmjs.org/@ast-grep/cli/-/cli-0.44.0.tgz",
      "integrity": "sha512-Jf4PuP7XjzsMa3m9gYxmzV8KyWZc4w1ZzKe/t0+90wWxmSasQJe6AtMkJxHEi98MGgfAF1nWziqjDd0/6EsBjA==",
      "hasInstallScript": true,
      "license": "MIT",
      "dependencies": {
        "detect-libc": "2.1.2"
      },
      "bin": {
        "ast-grep": "ast-grep",
        "sg": "sg"
      },
      "engines": {
        "node": ">= 12.0.0"
      },
      "optionalDependencies": {
        "@ast-grep/cli-darwin-arm64": "0.44.0",
        "@ast-grep/cli-darwin-x64": "0.44.0",
        "@ast-grep/cli-linux-arm64-gnu": "0.44.0",
        "@ast-grep/cli-linux-x64-gnu": "0.44.0",
        "@ast-grep/cli-win32-arm64-msvc": "0.44.0",
        "@ast-grep/cli-win32-ia32-msvc": "0.44.0",
        "@ast-grep/cli-win32-x64-msvc": "0.44.0"
      }
    },
    "node_modules/@ast-grep/cli-darwin-arm64": {
      "version": "0.44.0",
      "resolved": "https://registry.npmjs.org/@ast-grep/cli-darwin-arm64/-/cli-darwin-arm64-0.44.0.tgz",
      "integrity": "sha512-bF7euu/hF/cYg4510z8110vh60rrqfrBdsfRqVGd6xqNSPENu7CJnTVN/Z4Nk5U1NM8YKzUD+dYx1ySUJ0CUNQ==",
      "cpu": [
        "arm64"
      ],
      "license": "MIT",
      "optional": true,
      "os": [
        "darwin"
      ],
      "engines": {
        "node": ">= 10"
      }
    },
    "node_modules/@ast-grep/cli/node_modules/@ast-grep/cli-darwin-x64": {
      "optional": true
    },
    "node_modules/@ast-grep/cli/node_modules/@ast-grep/cli-linux-arm64-gnu": {
      "optional": true
    },
    "node_modules/@ast-grep/cli/node_modules/@ast-grep/cli-linux-x64-gnu": {
      "optional": true
    },
    "node_modules/@ast-grep/cli/node_modules/@ast-grep/cli-win32-arm64-msvc": {
      "optional": true
    },
    "node_modules/@ast-grep/cli/node_modules/@ast-grep/cli-win32-ia32-msvc": {
      "optional": true
    },
    "node_modules/@ast-grep/cli/node_modules/@ast-grep/cli-win32-x64-msvc": {
      "optional": true
    },
    "node_modules/@types/node": {
      "version": "24.13.2",
      "resolved": "https://registry.npmjs.org/@types/node/-/node-24.13.2.tgz",
      "integrity": "sha512-fRa09kZTgu8o71KFcDjUFuc7F+dEbZYZmkI0mg5YBTRs0yMKjYHsq/c0urDKeDb+D5qVgXOdFcuu+DZPKOITwA==",
      "dev": true,
      "license": "MIT",
      "dependencies": {
        "undici-types": "~7.18.0"
      }
    },
    "node_modules/detect-libc": {
      "version": "2.1.2",
      "resolved": "https://registry.npmjs.org/detect-libc/-/detect-libc-2.1.2.tgz",
      "integrity": "sha512-Btj2BOOO83o3WyH59e8MgXsxEQVcarkUOpEYrubB0urwnN10yQ364rsiByU11nZlqWYZm05i/of7io4mzihBtQ==",
      "license": "Apache-2.0",
      "engines": {
        "node": ">=8"
      }
    },
    "node_modules/typebox": {
      "version": "1.2.18",
      "resolved": "https://registry.npmjs.org/typebox/-/typebox-1.2.18.tgz",
      "integrity": "sha512-f4MtqlWxawJjxsuT1onX3F/5fas45PXQFQ1jRDTRia2IpBirlj/Xs9PvSAsw9Mz3DADIDU1mXbzfJWSg21JbRg==",
      "license": "MIT"
    },
    "node_modules/undici-types": {
      "version": "7.18.2",
      "resolved": "https://registry.npmjs.org/undici-types/-/undici-types-7.18.2.tgz",
      "integrity": "sha512-AsuCzffGHJybSaRrmr5eHr81mwJU3kjw6M+uprWvCXiNeN9SOGwQ3Jn8jb8m3Z6izVgknn1R0FTCEAP2QrLY/w==",
      "dev": true,
      "license": "MIT"
    }
  }
}
