{
  "lockfileVersion": 1,
  "configVersion": 1,
  "workspaces": {
    "": {
      "name": "opencode-tmux-namer",
      "devDependencies": {
        "@opencode-ai/plugin": "^1.0.143",
        "@types/node": "^22.0.0",
        "typescript": "^5.0.0",
      },
      "peerDependencies": {
        "@opencode-ai/plugin": ">=1.0.0",
      },
    },
  },
  "packages": {
    "@opencode-ai/plugin": ["@opencode-ai/plugin@1.1.34", "", { "dependencies": { "@opencode-ai/sdk": "1.1.34", "zod": "4.1.8" } }, "sha512-TvIvhO5ZcQRZL9Un/9Mntg/JtbYyPEvLuWkCZSjt8jbtYmUQJtqPVaKyfWOhFvyaGUjjde4lwWBvKwGWZRwo1w=="],

    "@opencode-ai/sdk": ["@opencode-ai/sdk@1.1.34", "", {}, "sha512-ToR20PJSiuLEY2WnJpBH8X1qmfCcmSoP4qk/TXgIr/yDnmlYmhCwk2ruA540RX4A2hXi2LJXjAqpjeRxxtLNCQ=="],

    "@types/node": ["@types/node@22.19.7", "", { "dependencies": { "undici-types": "~6.21.0" } }, "sha512-MciR4AKGHWl7xwxkBa6xUGxQJ4VBOmPTF7sL+iGzuahOFaO0jHCsuEfS80pan1ef4gWId1oWOweIhrDEYLuaOw=="],

    "typescript": ["typescript@5.9.3", "", { "bin": { "tsc": "bin/tsc", "tsserver": "bin/tsserver" } }, "sha512-jl1vZzPDinLr9eUt3J/t7V6FgNEw9QjvBPdysz9KfQDD41fQrC2Y4vKQdiaUpFT4bXlb1RHhLpp8wtm6M5TgSw=="],

    "undici-types": ["undici-types@6.21.0", "", {}, "sha512-iwDZqg0QAGrg9Rav5H4n0M64c3mkR59cJ6wQp+7C4nI0gsmExaedaYLNO44eT4AtBBwjbTiGPMlt2Md0T9H9JQ=="],

    "zod": ["zod@4.1.8", "", {}, "sha512-5R1P+WwQqmmMIEACyzSvo4JXHY5WiAFHRMg+zBZKgKS+Q1viRa0C1hmUKtHltoIFKtIdki3pRxkmpP74jnNYHQ=="],
  }
}
